
Microsoft Visual Studio Solution File, Format Version 12.00
# Visual Studio Version 17
VisualStudioVersion = 17.3.32901.215
MinimumVisualStudioVersion = 10.0.40219.1
Project("{FAE04EC0-301F-11D3-BF4B-00C04F79EFBC}") = "project in wpf2", "project in wpf2.csproj", "{4FEFCF7B-C5F3-4368-86C6-897A3B410BE0}"
EndProject
Global
	GlobalSection(SolutionConfigurationPlatforms) = preSolution
		Debug|Any CPU = Debug|Any CPU
		Release|Any CPU = Release|Any CPU
	EndGlobalSection
	GlobalSection(ProjectConfigurationPlatforms) = postSolution
		{4FEFCF7B-C5F3-4368-86C6-897A3B410BE0}.Debug|Any CPU.ActiveCfg = Debug|Any CPU
		{4FEFCF7B-C5F3-4368-86C6-897A3B410BE0}.Debug|Any CPU.Build.0 = Debug|Any CPU
		{4FEFCF7B-C5F3-4368-86C6-897A3B410BE0}.Release|Any CPU.ActiveCfg = Release|Any CPU
		{4FEFCF7B-C5F3-4368-86C6-897A3B410BE0}.Release|Any CPU.Build.0 = Release|Any CPU
	EndGlobalSection
	GlobalSection(SolutionProperties) = preSolution
		HideSolutionNode = FALSE
	EndGlobalSection
	GlobalSection(ExtensibilityGlobals) = postSolution
		SolutionGuid = {A17DD01C-0284-4CCC-838B-E1489ED115C4}
	EndGlobalSection
EndGlobal
